
Microsoft Visual Studio Solution File, Format Version 12.00
# Visual Studio Version 16
VisualStudioVersion = 16.0.29613.14
MinimumVisualStudioVersion = 10.0.40219.1
Project("{8BC9CEB8-8B4A-11D0-8D11-00A0C91BC942}") = "1_1_2557", "1_1_2557\1_1_2557.vcxproj", "{AF9E4FA5-CCB7-4B8A-BDF9-37F518E8E6F9}"
EndProject
Project("{8BC9CEB8-8B4A-11D0-8D11-00A0C91BC942}") = "1_2_10718", "1_2_10718\1_2_10718.vcxproj", "{EFAE734E-CA16-4953-B07F-774B1EB1F2C5}"
EndProject
Project("{8BC9CEB8-8B4A-11D0-8D11-00A0C91BC942}") = "1_3_10171", "1_3_10171\1_3_10171.vcxproj", "{82C13666-8E5F-4891-8886-1826E43D9BD8}"
EndProject
Project("{8BC9CEB8-8B4A-11D0-8D11-00A0C91BC942}") = "1_4_10172", "1_4_10172\1_4_10172.vcxproj", "{CB1B1105-29A0-43A6-8EF5-ABE0D7685C78}"
EndProject
Project("{8BC9CEB8-8B4A-11D0-8D11-00A0C91BC942}") = "1_5_1000", "1_5_1000\1_5_1000.vcxproj", "{C92B74D5-FE67-46E7-ACBA-CC1B3C323D2D}"
EndProject
Project("{8BC9CEB8-8B4A-11D0-8D11-00A0C91BC942}") = "1_6_1001", "1_6_1001\1_6_1001.vcxproj", "{810CA953-25D1-4297-8986-309E9304B690}"
EndProject
Project("{8BC9CEB8-8B4A-11D0-8D11-00A0C91BC942}") = "1_7_10998", "1_7_10998\1_7_10998.vcxproj", "{0570FF68-C4B2-4710-A9C3-96D5F5CFF820}"
EndProject
Project("{8BC9CEB8-8B4A-11D0-8D11-00A0C91BC942}") = "1_9_10869", "1_9_10869\1_9_10869.vcxproj", "{A2B4C558-2FAD-40CB-942C-373486465A96}"
EndProject
Project("{8BC9CEB8-8B4A-11D0-8D11-00A0C91BC942}") = "1_10_10430", "1_10_10430\1_10_10430.vcxproj", "{74F74FE8-36F9-4184-85CF-931D9C3077C1}"
EndProject
Project("{8BC9CEB8-8B4A-11D0-8D11-00A0C91BC942}") = "1_11_2588", "1_11_2588\1_11_2588.vcxproj", "{A5B797EC-B473-4A9F-926B-B7C57A5A1CC1}"
EndProject
Global
	GlobalSection(SolutionConfigurationPlatforms) = preSolution
		Debug|x64 = Debug|x64
		Debug|x86 = Debug|x86
		Release|x64 = Release|x64
		Release|x86 = Release|x86
	EndGlobalSection
	GlobalSection(ProjectConfigurationPlatforms) = postSolution
		{AF9E4FA5-CCB7-4B8A-BDF9-37F518E8E6F9}.Debug|x64.ActiveCfg = Debug|x64
		{AF9E4FA5-CCB7-4B8A-BDF9-37F518E8E6F9}.Debug|x64.Build.0 = Debug|x64
		{AF9E4FA5-CCB7-4B8A-BDF9-37F518E8E6F9}.Debug|x86.ActiveCfg = Debug|Win32
		{AF9E4FA5-CCB7-4B8A-BDF9-37F518E8E6F9}.Debug|x86.Build.0 = Debug|Win32
		{AF9E4FA5-CCB7-4B8A-BDF9-37F518E8E6F9}.Release|x64.ActiveCfg = Release|x64
		{AF9E4FA5-CCB7-4B8A-BDF9-37F518E8E6F9}.Release|x64.Build.0 = Release|x64
		{AF9E4FA5-CCB7-4B8A-BDF9-37F518E8E6F9}.Release|x86.ActiveCfg = Release|Win32
		{AF9E4FA5-CCB7-4B8A-BDF9-37F518E8E6F9}.Release|x86.Build.0 = Release|Win32
		{EFAE734E-CA16-4953-B07F-774B1EB1F2C5}.Debug|x64.ActiveCfg = Debug|x64
		{EFAE734E-CA16-4953-B07F-774B1EB1F2C5}.Debug|x64.Build.0 = Debug|x64
		{EFAE734E-CA16-4953-B07F-774B1EB1F2C5}.Debug|x86.ActiveCfg = Debug|Win32
		{EFAE734E-CA16-4953-B07F-774B1EB1F2C5}.Debug|x86.Build.0 = Debug|Win32
		{EFAE734E-CA16-4953-B07F-774B1EB1F2C5}.Release|x64.ActiveCfg = Release|x64
		{EFAE734E-CA16-4953-B07F-774B1EB1F2C5}.Release|x64.Build.0 = Release|x64
		{EFAE734E-CA16-4953-B07F-774B1EB1F2C5}.Release|x86.ActiveCfg = Release|Win32
		{EFAE734E-CA16-4953-B07F-774B1EB1F2C5}.Release|x86.Build.0 = Release|Win32
		{82C13666-8E5F-4891-8886-1826E43D9BD8}.Debug|x64.ActiveCfg = Debug|x64
		{82C13666-8E5F-4891-8886-1826E43D9BD8}.Debug|x64.Build.0 = Debug|x64
		{82C13666-8E5F-4891-8886-1826E43D9BD8}.Debug|x86.ActiveCfg = Debug|Win32
		{82C13666-8E5F-4891-8886-1826E43D9BD8}.Debug|x86.Build.0 = Debug|Win32
		{82C13666-8E5F-4891-8886-1826E43D9BD8}.Release|x64.ActiveCfg = Release|x64
		{82C13666-8E5F-4891-8886-1826E43D9BD8}.Release|x64.Build.0 = Release|x64
		{82C13666-8E5F-4891-8886-1826E43D9BD8}.Release|x86.ActiveCfg = Release|Win32
		{82C13666-8E5F-4891-8886-1826E43D9BD8}.Release|x86.Build.0 = Release|Win32
		{CB1B1105-29A0-43A6-8EF5-ABE0D7685C78}.Debug|x64.ActiveCfg = Debug|x64
		{CB1B1105-29A0-43A6-8EF5-ABE0D7685C78}.Debug|x64.Build.0 = Debug|x64
		{CB1B1105-29A0-43A6-8EF5-ABE0D7685C78}.Debug|x86.ActiveCfg = Debug|Win32
		{CB1B1105-29A0-43A6-8EF5-ABE0D7685C78}.Debug|x86.Build.0 = Debug|Win32
		{CB1B1105-29A0-43A6-8EF5-ABE0D7685C78}.Release|x64.ActiveCfg = Release|x64
		{CB1B1105-29A0-43A6-8EF5-ABE0D7685C78}.Release|x64.Build.0 = Release|x64
		{CB1B1105-29A0-43A6-8EF5-ABE0D7685C78}.Release|x86.ActiveCfg = Release|Win32
		{CB1B1105-29A0-43A6-8EF5-ABE0D7685C78}.Release|x86.Build.0 = Release|Win32
		{C92B74D5-FE67-46E7-ACBA-CC1B3C323D2D}.Debug|x64.ActiveCfg = Debug|x64
		{C92B74D5-FE67-46E7-ACBA-CC1B3C323D2D}.Debug|x64.Build.0 = Debug|x64
		{C92B74D5-FE67-46E7-ACBA-CC1B3C323D2D}.Debug|x86.ActiveCfg = Debug|Win32
		{C92B74D5-FE67-46E7-ACBA-CC1B3C323D2D}.Debug|x86.Build.0 = Debug|Win32
		{C92B74D5-FE67-46E7-ACBA-CC1B3C323D2D}.Release|x64.ActiveCfg = Release|x64
		{C92B74D5-FE67-46E7-ACBA-CC1B3C323D2D}.Release|x64.Build.0 = Release|x64
		{C92B74D5-FE67-46E7-ACBA-CC1B3C323D2D}.Release|x86.ActiveCfg = Release|Win32
		{C92B74D5-FE67-46E7-ACBA-CC1B3C323D2D}.Release|x86.Build.0 = Release|Win32
		{810CA953-25D1-4297-8986-309E9304B690}.Debug|x64.ActiveCfg = Debug|x64
		{810CA953-25D1-4297-8986-309E9304B690}.Debug|x64.Build.0 = Debug|x64
		{810CA953-25D1-4297-8986-309E9304B690}.Debug|x86.ActiveCfg = Debug|Win32
		{810CA953-25D1-4297-8986-309E9304B690}.Debug|x86.Build.0 = Debug|Win32
		{810CA953-25D1-4297-8986-309E9304B690}.Release|x64.ActiveCfg = Release|x64
		{810CA953-25D1-4297-8986-309E9304B690}.Release|x64.Build.0 = Release|x64
		{810CA953-25D1-4297-8986-309E9304B690}.Release|x86.ActiveCfg = Release|Win32
		{810CA953-25D1-4297-8986-309E9304B690}.Release|x86.Build.0 = Release|Win32
		{0570FF68-C4B2-4710-A9C3-96D5F5CFF820}.Debug|x64.ActiveCfg = Debug|x64
		{0570FF68-C4B2-4710-A9C3-96D5F5CFF820}.Debug|x64.Build.0 = Debug|x64
		{0570FF68-C4B2-4710-A9C3-96D5F5CFF820}.Debug|x86.ActiveCfg = Debug|Win32
		{0570FF68-C4B2-4710-A9C3-96D5F5CFF820}.Debug|x86.Build.0 = Debug|Win32
		{0570FF68-C4B2-4710-A9C3-96D5F5CFF820}.Release|x64.ActiveCfg = Release|x64
		{0570FF68-C4B2-4710-A9C3-96D5F5CFF820}.Release|x64.Build.0 = Release|x64
		{0570FF68-C4B2-4710-A9C3-96D5F5CFF820}.Release|x86.ActiveCfg = Release|Win32
		{0570FF68-C4B2-4710-A9C3-96D5F5CFF820}.Release|x86.Build.0 = Release|Win32
		{A2B4C558-2FAD-40CB-942C-373486465A96}.Debug|x64.ActiveCfg = Debug|x64
		{A2B4C558-2FAD-40CB-942C-373486465A96}.Debug|x64.Build.0 = Debug|x64
		{A2B4C558-2FAD-40CB-942C-373486465A96}.Debug|x86.ActiveCfg = Debug|Win32
		{A2B4C558-2FAD-40CB-942C-373486465A96}.Debug|x86.Build.0 = Debug|Win32
		{A2B4C558-2FAD-40CB-942C-373486465A96}.Release|x64.ActiveCfg = Release|x64
		{A2B4C558-2FAD-40CB-942C-373486465A96}.Release|x64.Build.0 = Release|x64
		{A2B4C558-2FAD-40CB-942C-373486465A96}.Release|x86.ActiveCfg = Release|Win32
		{A2B4C558-2FAD-40CB-942C-373486465A96}.Release|x86.Build.0 = Release|Win32
		{74F74FE8-36F9-4184-85CF-931D9C3077C1}.Debug|x64.ActiveCfg = Debug|x64
		{74F74FE8-36F9-4184-85CF-931D9C3077C1}.Debug|x64.Build.0 = Debug|x64
		{74F74FE8-36F9-4184-85CF-931D9C3077C1}.Debug|x86.ActiveCfg = Debug|Win32
		{74F74FE8-36F9-4184-85CF-931D9C3077C1}.Debug|x86.Build.0 = Debug|Win32
		{74F74FE8-36F9-4184-85CF-931D9C3077C1}.Release|x64.ActiveCfg = Release|x64
		{74F74FE8-36F9-4184-85CF-931D9C3077C1}.Release|x64.Build.0 = Release|x64
		{74F74FE8-36F9-4184-85CF-931D9C3077C1}.Release|x86.ActiveCfg = Release|Win32
		{74F74FE8-36F9-4184-85CF-931D9C3077C1}.Release|x86.Build.0 = Release|Win32
		{A5B797EC-B473-4A9F-926B-B7C57A5A1CC1}.Debug|x64.ActiveCfg = Debug|x64
		{A5B797EC-B473-4A9F-926B-B7C57A5A1CC1}.Debug|x64.Build.0 = Debug|x64
		{A5B797EC-B473-4A9F-926B-B7C57A5A1CC1}.Debug|x86.ActiveCfg = Debug|Win32
		{A5B797EC-B473-4A9F-926B-B7C57A5A1CC1}.Debug|x86.Build.0 = Debug|Win32
		{A5B797EC-B473-4A9F-926B-B7C57A5A1CC1}.Release|x64.ActiveCfg = Release|x64
		{A5B797EC-B473-4A9F-926B-B7C57A5A1CC1}.Release|x64.Build.0 = Release|x64
		{A5B797EC-B473-4A9F-926B-B7C57A5A1CC1}.Release|x86.ActiveCfg = Release|Win32
		{A5B797EC-B473-4A9F-926B-B7C57A5A1CC1}.Release|x86.Build.0 = Release|Win32
	EndGlobalSection
	GlobalSection(SolutionProperties) = preSolution
		HideSolutionNode = FALSE
	EndGlobalSection
	GlobalSection(ExtensibilityGlobals) = postSolution
		SolutionGuid = {05802560-EC8B-4953-87FD-B4D79B3EF111}
	EndGlobalSection
EndGlobal
